
Microsoft Visual Studio Solution File, Format Version 12.00
# Visual Studio Version 17
VisualStudioVersion = 17.14.36301.6 d17.14
MinimumVisualStudioVersion = 10.0.40219.1
Project("{FAE04EC0-301F-11D3-BF4B-00C04F79EFBC}") = "Health_tracker_app", "Health_tracker_app\Health_tracker_app.csproj", "{02157E93-6FC1-4F21-A5A5-5A407BD0FA8F}"
EndProject
Global
	GlobalSection(SolutionConfigurationPlatforms) = preSolution
		Debug|Any CPU = Debug|Any CPU
		Release|Any CPU = Release|Any CPU
	EndGlobalSection
	GlobalSection(ProjectConfigurationPlatforms) = postSolution
		{02157E93-6FC1-4F21-A5A5-5A407BD0FA8F}.Debug|Any CPU.ActiveCfg = Debug|Any CPU
		{02157E93-6FC1-4F21-A5A5-5A407BD0FA8F}.Debug|Any CPU.Build.0 = Debug|Any CPU
		{02157E93-6FC1-4F21-A5A5-5A407BD0FA8F}.Release|Any CPU.ActiveCfg = Release|Any CPU
		{02157E93-6FC1-4F21-A5A5-5A407BD0FA8F}.Release|Any CPU.Build.0 = Release|Any CPU
	EndGlobalSection
	GlobalSection(SolutionProperties) = preSolution
		HideSolutionNode = FALSE
	EndGlobalSection
	GlobalSection(ExtensibilityGlobals) = postSolution
		SolutionGuid = {24307ECF-CE6A-463B-8BAC-CB1EC01FF0C8}
	EndGlobalSection
EndGlobal
