
Microsoft Visual Studio Solution File, Format Version 12.00
# Visual Studio Version 17
VisualStudioVersion = 17.14.36301.6 d17.14
MinimumVisualStudioVersion = 10.0.40219.1
Project("{FAE04EC0-301F-11D3-BF4B-00C04F79EFBC}") = "Attributes_Employee_App", "Attributes_Employee_App\Attributes_Employee_App.csproj", "{C4CD2246-27F4-4C80-9457-D39BEBC3B446}"
EndProject
Global
	GlobalSection(SolutionConfigurationPlatforms) = preSolution
		Debug|Any CPU = Debug|Any CPU
		Release|Any CPU = Release|Any CPU
	EndGlobalSection
	GlobalSection(ProjectConfigurationPlatforms) = postSolution
		{C4CD2246-27F4-4C80-9457-D39BEBC3B446}.Debug|Any CPU.ActiveCfg = Debug|Any CPU
		{C4CD2246-27F4-4C80-9457-D39BEBC3B446}.Debug|Any CPU.Build.0 = Debug|Any CPU
		{C4CD2246-27F4-4C80-9457-D39BEBC3B446}.Release|Any CPU.ActiveCfg = Release|Any CPU
		{C4CD2246-27F4-4C80-9457-D39BEBC3B446}.Release|Any CPU.Build.0 = Release|Any CPU
	EndGlobalSection
	GlobalSection(SolutionProperties) = preSolution
		HideSolutionNode = FALSE
	EndGlobalSection
	GlobalSection(ExtensibilityGlobals) = postSolution
		SolutionGuid = {DE97273B-19FD-4A2F-8FCA-D409D0F0C9A2}
	EndGlobalSection
EndGlobal
